# This file is automatically @generated by Cargo.
# It is not intended for manual editing.
version = 4

[[package]]
name = "abireport-rs"
version = "0.1.0"
dependencies = [
 "elf",
 "natural-sort-rs",
]

[[package]]
name = "elf"
version = "0.7.4"
source = "registry+https://github.com/rust-lang/crates.io-index"
checksum = "4445909572dbd556c457c849c4ca58623d84b27c8fff1e74b0b4227d8b90d17b"

[[package]]
name = "natural-sort-rs"
version = "0.2.1"
source = "registry+https://github.com/rust-lang/crates.io-index"
checksum = "7955b5597d93c0f70b18e141ba4fd07982f02774391e718728064cc9c40b0aa4"
